
Microsoft Visual Studio Solution File, Format Version 12.00
# Visual Studio 2012
Project("{FAE04EC0-301F-11D3-BF4B-00C04F79EFBC}") = "SharpIdl", "SharpIdl\SharpIdl.csproj", "{190E3727-6B8C-46E2-8FAB-D7397E36719E}"
EndProject
Global
	GlobalSection(SolutionConfigurationPlatforms) = preSolution
		Debug|Any CPU = Debug|Any CPU
		Release|Any CPU = Release|Any CPU
	EndGlobalSection
	GlobalSection(ProjectConfigurationPlatforms) = postSolution
		{190E3727-6B8C-46E2-8FAB-D7397E36719E}.Debug|Any CPU.ActiveCfg = Debug|Any CPU
		{190E3727-6B8C-46E2-8FAB-D7397E36719E}.Debug|Any CPU.Build.0 = Debug|Any CPU
		{190E3727-6B8C-46E2-8FAB-D7397E36719E}.Release|Any CPU.ActiveCfg = Release|Any CPU
		{190E3727-6B8C-46E2-8FAB-D7397E36719E}.Release|Any CPU.Build.0 = Release|Any CPU
	EndGlobalSection
	GlobalSection(SolutionProperties) = preSolution
		HideSolutionNode = FALSE
	EndGlobalSection
EndGlobal
